
Microsoft Visual Studio Solution File, Format Version 12.00
# Visual Studio Version 17
VisualStudioVersion = 17.5.2.0
MinimumVisualStudioVersion = 10.0.40219.1
Project("{2150E333-8FDC-42A3-9474-1A3956D46DE8}") = "exlib", "exlib", "{5EFC1D2B-24F0-4C02-EC13-39374025542A}"
EndProject
Project("{FAE04EC0-301F-11D3-BF4B-00C04F79EFBC}") = "ExpandedLib", "mods\exlib\src\ExpandedLib.csproj", "{716A1E76-643A-4C7D-A356-C0AE25A2451C}"
EndProject
Project("{FAE04EC0-301F-11D3-BF4B-00C04F79EFBC}") = "ExpandedLib.Generators", "mods\exlib\generators\ExpandedLib.Generators.csproj", "{74E394C4-C8B9-4482-97C5-83A778B26A2C}"
EndProject
Project("{FAE04EC0-301F-11D3-BF4B-00C04F79EFBC}") = "ExpandedLib.Testing", "mods\exlib\testing\ExpandedLib.Testing.csproj", "{802E5EC6-CF3C-4317-993C-D019F3A9391F}"
EndProject
Project("{FAE04EC0-301F-11D3-BF4B-00C04F79EFBC}") = "ExpandedLib.Tests", "mods\exlib\tests\ExpandedLib.Tests.csproj", "{CFAE5104-A6B9-451E-A3CB-6097BF6A3B9B}"
EndProject
Project("{2150E333-8FDC-42A3-9474-1A3956D46DE8}") = "iiex", "iiex", "{71970AD6-B263-BC28-5634-C9F956316F5A}"
EndProject
Project("{FAE04EC0-301F-11D3-BF4B-00C04F79EFBC}") = "IronIndustryExpanded", "mods\iiex\src\IronIndustryExpanded.csproj", "{83AA9E9D-222B-4820-899F-808BFD54A792}"
EndProject
Project("{FAE04EC0-301F-11D3-BF4B-00C04F79EFBC}") = "IronIndustryExpanded.Tests", "mods\iiex\tests\IronIndustryExpanded.Tests.csproj", "{A6B8D065-5A39-4E26-87A0-4AC9423CAA42}"
EndProject
Project("{2150E333-8FDC-42A3-9474-1A3956D46DE8}") = "siex", "siex", "{C441E6A6-73AF-A330-A3E7-185757A1AA1E}"
EndProject
Project("{FAE04EC0-301F-11D3-BF4B-00C04F79EFBC}") = "SteelIndustryExpanded", "mods\siex\src\SteelIndustryExpanded.csproj", "{209862DE-9033-487D-B8C2-60E5A9E25975}"
EndProject
Project("{FAE04EC0-301F-11D3-BF4B-00C04F79EFBC}") = "SteelIndustryExpanded.Tests", "mods\siex\tests\SteelIndustryExpanded.Tests.csproj", "{55FBE668-B6FB-4539-AF86-AD738998B322}"
EndProject
Project("{2150E333-8FDC-42A3-9474-1A3956D46DE8}") = "samples", "samples", "{D947E612-853E-4237-8973-789D59ED6A20}"
EndProject
Project("{FAE04EC0-301F-11D3-BF4B-00C04F79EFBC}") = "HelloExpanded", "samples\HelloExpanded\HelloExpanded.csproj", "{146145F7-7748-46CB-804A-0DF32D66A218}"
EndProject
Project("{FAE04EC0-301F-11D3-BF4B-00C04F79EFBC}") = "HelloExpanded.Tests", "samples\HelloExpanded.Tests\HelloExpanded.Tests.csproj", "{F178473F-CAEE-406D-B3E7-7FE7C7B681E6}"
EndProject
Project("{2150E333-8FDC-42A3-9474-1A3956D46DE8}") = "infra", "infra", "{30258541-D0D8-F3FD-D559-E63D6BF074C2}"
EndProject
Project("{FAE04EC0-301F-11D3-BF4B-00C04F79EFBC}") = "CakeBuild", "infra\CakeBuild\CakeBuild.csproj", "{F7CCBA8A-C787-4FE9-B69E-ABA78579B504}"
EndProject
Project("{2150E333-8FDC-42A3-9474-1A3956D46DE8}") = "tools", "tools", "{53789401-DC84-666C-F02F-0E6208BCAF26}"
EndProject
Project("{FAE04EC0-301F-11D3-BF4B-00C04F79EFBC}") = "BlockCodeEmitter", "infra\tools\BlockCodeEmitter\BlockCodeEmitter.csproj", "{E7F5E233-8731-485A-980D-3D26CF7E7CE4}"
EndProject
Project("{2150E333-8FDC-42A3-9474-1A3956D46DE8}") = "mods", "mods", "{ED7DE66D-1FF1-BCCD-393E-2D4AFCA661A0}"
EndProject
Project("{2150E333-8FDC-42A3-9474-1A3956D46DE8}") = "exlib", "exlib", "{4309A586-25E5-8F43-7BBA-E9696B0B8BD7}"
EndProject
Project("{2150E333-8FDC-42A3-9474-1A3956D46DE8}") = "src", "src", "{EE5CC5AD-793B-E547-B78F-6C83AF35D442}"
EndProject
Project("{2150E333-8FDC-42A3-9474-1A3956D46DE8}") = "testing", "testing", "{D05C0E49-FDF2-EBE5-4509-CDF94C9AF289}"
EndProject
Project("{2150E333-8FDC-42A3-9474-1A3956D46DE8}") = "iiex", "iiex", "{2953CB9E-4C14-BBBB-94E5-73F81E1509B9}"
EndProject
Project("{2150E333-8FDC-42A3-9474-1A3956D46DE8}") = "src", "src", "{1C0A95E6-5917-0847-CAF1-378FA52711B7}"
EndProject
Project("{2150E333-8FDC-42A3-9474-1A3956D46DE8}") = "siex", "siex", "{D5FC42F4-102B-16ED-5C58-01794AC99385}"
EndProject
Project("{2150E333-8FDC-42A3-9474-1A3956D46DE8}") = "src", "src", "{466AA203-E7FD-BA09-416D-0B29A32AB9EE}"
EndProject
Project("{FAE04EC0-301F-11D3-BF4B-00C04F79EFBC}") = "ExlibVerify", "infra\tools\ExlibVerify\ExlibVerify.csproj", "{B58BC101-3A9C-4134-9AE8-A8EC85A2CBA6}"
EndProject
Project("{FAE04EC0-301F-11D3-BF4B-00C04F79EFBC}") = "ExlibVerify.Tests", "infra\tools\ExlibVerify.Tests\ExlibVerify.Tests.csproj", "{D66070FD-A4A7-4B7C-93C2-277002AABB11}"
EndProject
Project("{FAE04EC0-301F-11D3-BF4B-00C04F79EFBC}") = "ExpandedLib.Industry", "mods\exlib\industry\ExpandedLib.Industry.csproj", "{03855F50-823D-4F1F-990D-88CDD8A72311}"
EndProject
Project("{FAE04EC0-301F-11D3-BF4B-00C04F79EFBC}") = "HelloModule", "samples\HelloModule\HelloModule.csproj", "{F004EDA1-E279-45C9-A3E6-E03F4EEDC13A}"
EndProject
Project("{FAE04EC0-301F-11D3-BF4B-00C04F79EFBC}") = "HelloModule.Tests", "samples\HelloModule.Tests\HelloModule.Tests.csproj", "{ABBD2512-7CA0-46BD-8955-E1026FFA18E9}"
EndProject
Global
	GlobalSection(SolutionConfigurationPlatforms) = preSolution
		Debug|Any CPU = Debug|Any CPU
		Debug|x64 = Debug|x64
		Debug|x86 = Debug|x86
		Release|Any CPU = Release|Any CPU
		Release|x64 = Release|x64
		Release|x86 = Release|x86
	EndGlobalSection
	GlobalSection(ProjectConfigurationPlatforms) = postSolution
		{716A1E76-643A-4C7D-A356-C0AE25A2451C}.Debug|Any CPU.ActiveCfg = Debug|Any CPU
		{716A1E76-643A-4C7D-A356-C0AE25A2451C}.Debug|Any CPU.Build.0 = Debug|Any CPU
		{716A1E76-643A-4C7D-A356-C0AE25A2451C}.Debug|x64.ActiveCfg = Debug|Any CPU
		{716A1E76-643A-4C7D-A356-C0AE25A2451C}.Debug|x64.Build.0 = Debug|Any CPU
		{716A1E76-643A-4C7D-A356-C0AE25A2451C}.Debug|x86.ActiveCfg = Debug|Any CPU
		{716A1E76-643A-4C7D-A356-C0AE25A2451C}.Debug|x86.Build.0 = Debug|Any CPU
		{716A1E76-643A-4C7D-A356-C0AE25A2451C}.Release|Any CPU.ActiveCfg = Release|Any CPU
		{716A1E76-643A-4C7D-A356-C0AE25A2451C}.Release|Any CPU.Build.0 = Release|Any CPU
		{716A1E76-643A-4C7D-A356-C0AE25A2451C}.Release|x64.ActiveCfg = Release|Any CPU
		{716A1E76-643A-4C7D-A356-C0AE25A2451C}.Release|x64.Build.0 = Release|Any CPU
		{716A1E76-643A-4C7D-A356-C0AE25A2451C}.Release|x86.ActiveCfg = Release|Any CPU
		{716A1E76-643A-4C7D-A356-C0AE25A2451C}.Release|x86.Build.0 = Release|Any CPU
		{74E394C4-C8B9-4482-97C5-83A778B26A2C}.Debug|Any CPU.ActiveCfg = Debug|Any CPU
		{74E394C4-C8B9-4482-97C5-83A778B26A2C}.Debug|Any CPU.Build.0 = Debug|Any CPU
		{74E394C4-C8B9-4482-97C5-83A778B26A2C}.Debug|x64.ActiveCfg = Debug|Any CPU
		{74E394C4-C8B9-4482-97C5-83A778B26A2C}.Debug|x64.Build.0 = Debug|Any CPU
		{74E394C4-C8B9-4482-97C5-83A778B26A2C}.Debug|x86.ActiveCfg = Debug|Any CPU
		{74E394C4-C8B9-4482-97C5-83A778B26A2C}.Debug|x86.Build.0 = Debug|Any CPU
		{74E394C4-C8B9-4482-97C5-83A778B26A2C}.Release|Any CPU.ActiveCfg = Release|Any CPU
		{74E394C4-C8B9-4482-97C5-83A778B26A2C}.Release|Any CPU.Build.0 = Release|Any CPU
		{74E394C4-C8B9-4482-97C5-83A778B26A2C}.Release|x64.ActiveCfg = Release|Any CPU
		{74E394C4-C8B9-4482-97C5-83A778B26A2C}.Release|x64.Build.0 = Release|Any CPU
		{74E394C4-C8B9-4482-97C5-83A778B26A2C}.Release|x86.ActiveCfg = Release|Any CPU
		{74E394C4-C8B9-4482-97C5-83A778B26A2C}.Release|x86.Build.0 = Release|Any CPU
		{802E5EC6-CF3C-4317-993C-D019F3A9391F}.Debug|Any CPU.ActiveCfg = Debug|Any CPU
		{802E5EC6-CF3C-4317-993C-D019F3A9391F}.Debug|Any CPU.Build.0 = Debug|Any CPU
		{802E5EC6-CF3C-4317-993C-D019F3A9391F}.Debug|x64.ActiveCfg = Debug|Any CPU
		{802E5EC6-CF3C-4317-993C-D019F3A9391F}.Debug|x64.Build.0 = Debug|Any CPU
		{802E5EC6-CF3C-4317-993C-D019F3A9391F}.Debug|x86.ActiveCfg = Debug|Any CPU
		{802E5EC6-CF3C-4317-993C-D019F3A9391F}.Debug|x86.Build.0 = Debug|Any CPU
		{802E5EC6-CF3C-4317-993C-D019F3A9391F}.Release|Any CPU.ActiveCfg = Release|Any CPU
		{802E5EC6-CF3C-4317-993C-D019F3A9391F}.Release|Any CPU.Build.0 = Release|Any CPU
		{802E5EC6-CF3C-4317-993C-D019F3A9391F}.Release|x64.ActiveCfg = Release|Any CPU
		{802E5EC6-CF3C-4317-993C-D019F3A9391F}.Release|x64.Build.0 = Release|Any CPU
		{802E5EC6-CF3C-4317-993C-D019F3A9391F}.Release|x86.ActiveCfg = Release|Any CPU
		{802E5EC6-CF3C-4317-993C-D019F3A9391F}.Release|x86.Build.0 = Release|Any CPU
		{CFAE5104-A6B9-451E-A3CB-6097BF6A3B9B}.Debug|Any CPU.ActiveCfg = Debug|Any CPU
		{CFAE5104-A6B9-451E-A3CB-6097BF6A3B9B}.Debug|Any CPU.Build.0 = Debug|Any CPU
		{CFAE5104-A6B9-451E-A3CB-6097BF6A3B9B}.Debug|x64.ActiveCfg = Debug|Any CPU
		{CFAE5104-A6B9-451E-A3CB-6097BF6A3B9B}.Debug|x64.Build.0 = Debug|Any CPU
		{CFAE5104-A6B9-451E-A3CB-6097BF6A3B9B}.Debug|x86.ActiveCfg = Debug|Any CPU
		{CFAE5104-A6B9-451E-A3CB-6097BF6A3B9B}.Debug|x86.Build.0 = Debug|Any CPU
		{CFAE5104-A6B9-451E-A3CB-6097BF6A3B9B}.Release|Any CPU.ActiveCfg = Release|Any CPU
		{CFAE5104-A6B9-451E-A3CB-6097BF6A3B9B}.Release|Any CPU.Build.0 = Release|Any CPU
		{CFAE5104-A6B9-451E-A3CB-6097BF6A3B9B}.Release|x64.ActiveCfg = Release|Any CPU
		{CFAE5104-A6B9-451E-A3CB-6097BF6A3B9B}.Release|x64.Build.0 = Release|Any CPU
		{CFAE5104-A6B9-451E-A3CB-6097BF6A3B9B}.Release|x86.ActiveCfg = Release|Any CPU
		{CFAE5104-A6B9-451E-A3CB-6097BF6A3B9B}.Release|x86.Build.0 = Release|Any CPU
		{83AA9E9D-222B-4820-899F-808BFD54A792}.Debug|Any CPU.ActiveCfg = Debug|Any CPU
		{83AA9E9D-222B-4820-899F-808BFD54A792}.Debug|Any CPU.Build.0 = Debug|Any CPU
		{83AA9E9D-222B-4820-899F-808BFD54A792}.Debug|x64.ActiveCfg = Debug|Any CPU
		{83AA9E9D-222B-4820-899F-808BFD54A792}.Debug|x64.Build.0 = Debug|Any CPU
		{83AA9E9D-222B-4820-899F-808BFD54A792}.Debug|x86.ActiveCfg = Debug|Any CPU
		{83AA9E9D-222B-4820-899F-808BFD54A792}.Debug|x86.Build.0 = Debug|Any CPU
		{83AA9E9D-222B-4820-899F-808BFD54A792}.Release|Any CPU.ActiveCfg = Release|Any CPU
		{83AA9E9D-222B-4820-899F-808BFD54A792}.Release|Any CPU.Build.0 = Release|Any CPU
		{83AA9E9D-222B-4820-899F-808BFD54A792}.Release|x64.ActiveCfg = Release|Any CPU
		{83AA9E9D-222B-4820-899F-808BFD54A792}.Release|x64.Build.0 = Release|Any CPU
		{83AA9E9D-222B-4820-899F-808BFD54A792}.Release|x86.ActiveCfg = Release|Any CPU
		{83AA9E9D-222B-4820-899F-808BFD54A792}.Release|x86.Build.0 = Release|Any CPU
		{A6B8D065-5A39-4E26-87A0-4AC9423CAA42}.Debug|Any CPU.ActiveCfg = Debug|Any CPU
		{A6B8D065-5A39-4E26-87A0-4AC9423CAA42}.Debug|Any CPU.Build.0 = Debug|Any CPU
		{A6B8D065-5A39-4E26-87A0-4AC9423CAA42}.Debug|x64.ActiveCfg = Debug|Any CPU
		{A6B8D065-5A39-4E26-87A0-4AC9423CAA42}.Debug|x64.Build.0 = Debug|Any CPU
		{A6B8D065-5A39-4E26-87A0-4AC9423CAA42}.Debug|x86.ActiveCfg = Debug|Any CPU
		{A6B8D065-5A39-4E26-87A0-4AC9423CAA42}.Debug|x86.Build.0 = Debug|Any CPU
		{A6B8D065-5A39-4E26-87A0-4AC9423CAA42}.Release|Any CPU.ActiveCfg = Release|Any CPU
		{A6B8D065-5A39-4E26-87A0-4AC9423CAA42}.Release|Any CPU.Build.0 = Release|Any CPU
		{A6B8D065-5A39-4E26-87A0-4AC9423CAA42}.Release|x64.ActiveCfg = Release|Any CPU
		{A6B8D065-5A39-4E26-87A0-4AC9423CAA42}.Release|x64.Build.0 = Release|Any CPU
		{A6B8D065-5A39-4E26-87A0-4AC9423CAA42}.Release|x86.ActiveCfg = Release|Any CPU
		{A6B8D065-5A39-4E26-87A0-4AC9423CAA42}.Release|x86.Build.0 = Release|Any CPU
		{209862DE-9033-487D-B8C2-60E5A9E25975}.Debug|Any CPU.ActiveCfg = Debug|Any CPU
		{209862DE-9033-487D-B8C2-60E5A9E25975}.Debug|Any CPU.Build.0 = Debug|Any CPU
		{209862DE-9033-487D-B8C2-60E5A9E25975}.Debug|x64.ActiveCfg = Debug|Any CPU
		{209862DE-9033-487D-B8C2-60E5A9E25975}.Debug|x64.Build.0 = Debug|Any CPU
		{209862DE-9033-487D-B8C2-60E5A9E25975}.Debug|x86.ActiveCfg = Debug|Any CPU
		{209862DE-9033-487D-B8C2-60E5A9E25975}.Debug|x86.Build.0 = Debug|Any CPU
		{209862DE-9033-487D-B8C2-60E5A9E25975}.Release|Any CPU.ActiveCfg = Release|Any CPU
		{209862DE-9033-487D-B8C2-60E5A9E25975}.Release|Any CPU.Build.0 = Release|Any CPU
		{209862DE-9033-487D-B8C2-60E5A9E25975}.Release|x64.ActiveCfg = Release|Any CPU
		{209862DE-9033-487D-B8C2-60E5A9E25975}.Release|x64.Build.0 = Release|Any CPU
		{209862DE-9033-487D-B8C2-60E5A9E25975}.Release|x86.ActiveCfg = Release|Any CPU
		{209862DE-9033-487D-B8C2-60E5A9E25975}.Release|x86.Build.0 = Release|Any CPU
		{55FBE668-B6FB-4539-AF86-AD738998B322}.Debug|Any CPU.ActiveCfg = Debug|Any CPU
		{55FBE668-B6FB-4539-AF86-AD738998B322}.Debug|Any CPU.Build.0 = Debug|Any CPU
		{55FBE668-B6FB-4539-AF86-AD738998B322}.Debug|x64.ActiveCfg = Debug|Any CPU
		{55FBE668-B6FB-4539-AF86-AD738998B322}.Debug|x64.Build.0 = Debug|Any CPU
		{55FBE668-B6FB-4539-AF86-AD738998B322}.Debug|x86.ActiveCfg = Debug|Any CPU
		{55FBE668-B6FB-4539-AF86-AD738998B322}.Debug|x86.Build.0 = Debug|Any CPU
		{55FBE668-B6FB-4539-AF86-AD738998B322}.Release|Any CPU.ActiveCfg = Release|Any CPU
		{55FBE668-B6FB-4539-AF86-AD738998B322}.Release|Any CPU.Build.0 = Release|Any CPU
		{55FBE668-B6FB-4539-AF86-AD738998B322}.Release|x64.ActiveCfg = Release|Any CPU
		{55FBE668-B6FB-4539-AF86-AD738998B322}.Release|x64.Build.0 = Release|Any CPU
		{55FBE668-B6FB-4539-AF86-AD738998B322}.Release|x86.ActiveCfg = Release|Any CPU
		{55FBE668-B6FB-4539-AF86-AD738998B322}.Release|x86.Build.0 = Release|Any CPU
		{146145F7-7748-46CB-804A-0DF32D66A218}.Debug|Any CPU.ActiveCfg = Debug|Any CPU
		{146145F7-7748-46CB-804A-0DF32D66A218}.Debug|Any CPU.Build.0 = Debug|Any CPU
		{146145F7-7748-46CB-804A-0DF32D66A218}.Debug|x64.ActiveCfg = Debug|Any CPU
		{146145F7-7748-46CB-804A-0DF32D66A218}.Debug|x64.Build.0 = Debug|Any CPU
		{146145F7-7748-46CB-804A-0DF32D66A218}.Debug|x86.ActiveCfg = Debug|Any CPU
		{146145F7-7748-46CB-804A-0DF32D66A218}.Debug|x86.Build.0 = Debug|Any CPU
		{146145F7-7748-46CB-804A-0DF32D66A218}.Release|Any CPU.ActiveCfg = Release|Any CPU
		{146145F7-7748-46CB-804A-0DF32D66A218}.Release|Any CPU.Build.0 = Release|Any CPU
		{146145F7-7748-46CB-804A-0DF32D66A218}.Release|x64.ActiveCfg = Release|Any CPU
		{146145F7-7748-46CB-804A-0DF32D66A218}.Release|x64.Build.0 = Release|Any CPU
		{146145F7-7748-46CB-804A-0DF32D66A218}.Release|x86.ActiveCfg = Release|Any CPU
		{146145F7-7748-46CB-804A-0DF32D66A218}.Release|x86.Build.0 = Release|Any CPU
		{F178473F-CAEE-406D-B3E7-7FE7C7B681E6}.Debug|Any CPU.ActiveCfg = Debug|Any CPU
		{F178473F-CAEE-406D-B3E7-7FE7C7B681E6}.Debug|Any CPU.Build.0 = Debug|Any CPU
		{F178473F-CAEE-406D-B3E7-7FE7C7B681E6}.Debug|x64.ActiveCfg = Debug|Any CPU
		{F178473F-CAEE-406D-B3E7-7FE7C7B681E6}.Debug|x64.Build.0 = Debug|Any CPU
		{F178473F-CAEE-406D-B3E7-7FE7C7B681E6}.Debug|x86.ActiveCfg = Debug|Any CPU
		{F178473F-CAEE-406D-B3E7-7FE7C7B681E6}.Debug|x86.Build.0 = Debug|Any CPU
		{F178473F-CAEE-406D-B3E7-7FE7C7B681E6}.Release|Any CPU.ActiveCfg = Release|Any CPU
		{F178473F-CAEE-406D-B3E7-7FE7C7B681E6}.Release|Any CPU.Build.0 = Release|Any CPU
		{F178473F-CAEE-406D-B3E7-7FE7C7B681E6}.Release|x64.ActiveCfg = Release|Any CPU
		{F178473F-CAEE-406D-B3E7-7FE7C7B681E6}.Release|x64.Build.0 = Release|Any CPU
		{F178473F-CAEE-406D-B3E7-7FE7C7B681E6}.Release|x86.ActiveCfg = Release|Any CPU
		{F178473F-CAEE-406D-B3E7-7FE7C7B681E6}.Release|x86.Build.0 = Release|Any CPU
		{F7CCBA8A-C787-4FE9-B69E-ABA78579B504}.Debug|Any CPU.ActiveCfg = Debug|Any CPU
		{F7CCBA8A-C787-4FE9-B69E-ABA78579B504}.Debug|Any CPU.Build.0 = Debug|Any CPU
		{F7CCBA8A-C787-4FE9-B69E-ABA78579B504}.Debug|x64.ActiveCfg = Debug|Any CPU
		{F7CCBA8A-C787-4FE9-B69E-ABA78579B504}.Debug|x64.Build.0 = Debug|Any CPU
		{F7CCBA8A-C787-4FE9-B69E-ABA78579B504}.Debug|x86.ActiveCfg = Debug|Any CPU
		{F7CCBA8A-C787-4FE9-B69E-ABA78579B504}.Debug|x86.Build.0 = Debug|Any CPU
		{F7CCBA8A-C787-4FE9-B69E-ABA78579B504}.Release|Any CPU.ActiveCfg = Release|Any CPU
		{F7CCBA8A-C787-4FE9-B69E-ABA78579B504}.Release|Any CPU.Build.0 = Release|Any CPU
		{F7CCBA8A-C787-4FE9-B69E-ABA78579B504}.Release|x64.ActiveCfg = Release|Any CPU
		{F7CCBA8A-C787-4FE9-B69E-ABA78579B504}.Release|x64.Build.0 = Release|Any CPU
		{F7CCBA8A-C787-4FE9-B69E-ABA78579B504}.Release|x86.ActiveCfg = Release|Any CPU
		{F7CCBA8A-C787-4FE9-B69E-ABA78579B504}.Release|x86.Build.0 = Release|Any CPU
		{E7F5E233-8731-485A-980D-3D26CF7E7CE4}.Debug|Any CPU.ActiveCfg = Debug|Any CPU
		{E7F5E233-8731-485A-980D-3D26CF7E7CE4}.Debug|Any CPU.Build.0 = Debug|Any CPU
		{E7F5E233-8731-485A-980D-3D26CF7E7CE4}.Debug|x64.ActiveCfg = Debug|Any CPU
		{E7F5E233-8731-485A-980D-3D26CF7E7CE4}.Debug|x64.Build.0 = Debug|Any CPU
		{E7F5E233-8731-485A-980D-3D26CF7E7CE4}.Debug|x86.ActiveCfg = Debug|Any CPU
		{E7F5E233-8731-485A-980D-3D26CF7E7CE4}.Debug|x86.Build.0 = Debug|Any CPU
		{E7F5E233-8731-485A-980D-3D26CF7E7CE4}.Release|Any CPU.ActiveCfg = Release|Any CPU
		{E7F5E233-8731-485A-980D-3D26CF7E7CE4}.Release|Any CPU.Build.0 = Release|Any CPU
		{E7F5E233-8731-485A-980D-3D26CF7E7CE4}.Release|x64.ActiveCfg = Release|Any CPU
		{E7F5E233-8731-485A-980D-3D26CF7E7CE4}.Release|x64.Build.0 = Release|Any CPU
		{E7F5E233-8731-485A-980D-3D26CF7E7CE4}.Release|x86.ActiveCfg = Release|Any CPU
		{E7F5E233-8731-485A-980D-3D26CF7E7CE4}.Release|x86.Build.0 = Release|Any CPU
		{B58BC101-3A9C-4134-9AE8-A8EC85A2CBA6}.Debug|Any CPU.ActiveCfg = Debug|Any CPU
		{B58BC101-3A9C-4134-9AE8-A8EC85A2CBA6}.Debug|Any CPU.Build.0 = Debug|Any CPU
		{B58BC101-3A9C-4134-9AE8-A8EC85A2CBA6}.Debug|x64.ActiveCfg = Debug|Any CPU
		{B58BC101-3A9C-4134-9AE8-A8EC85A2CBA6}.Debug|x64.Build.0 = Debug|Any CPU
		{B58BC101-3A9C-4134-9AE8-A8EC85A2CBA6}.Debug|x86.ActiveCfg = Debug|Any CPU
		{B58BC101-3A9C-4134-9AE8-A8EC85A2CBA6}.Debug|x86.Build.0 = Debug|Any CPU
		{B58BC101-3A9C-4134-9AE8-A8EC85A2CBA6}.Release|Any CPU.ActiveCfg = Release|Any CPU
		{B58BC101-3A9C-4134-9AE8-A8EC85A2CBA6}.Release|Any CPU.Build.0 = Release|Any CPU
		{B58BC101-3A9C-4134-9AE8-A8EC85A2CBA6}.Release|x64.ActiveCfg = Release|Any CPU
		{B58BC101-3A9C-4134-9AE8-A8EC85A2CBA6}.Release|x64.Build.0 = Release|Any CPU
		{B58BC101-3A9C-4134-9AE8-A8EC85A2CBA6}.Release|x86.ActiveCfg = Release|Any CPU
		{B58BC101-3A9C-4134-9AE8-A8EC85A2CBA6}.Release|x86.Build.0 = Release|Any CPU
		{D66070FD-A4A7-4B7C-93C2-277002AABB11}.Debug|Any CPU.ActiveCfg = Debug|Any CPU
		{D66070FD-A4A7-4B7C-93C2-277002AABB11}.Debug|Any CPU.Build.0 = Debug|Any CPU
		{D66070FD-A4A7-4B7C-93C2-277002AABB11}.Debug|x64.ActiveCfg = Debug|Any CPU
		{D66070FD-A4A7-4B7C-93C2-277002AABB11}.Debug|x64.Build.0 = Debug|Any CPU
		{D66070FD-A4A7-4B7C-93C2-277002AABB11}.Debug|x86.ActiveCfg = Debug|Any CPU
		{D66070FD-A4A7-4B7C-93C2-277002AABB11}.Debug|x86.Build.0 = Debug|Any CPU
		{D66070FD-A4A7-4B7C-93C2-277002AABB11}.Release|Any CPU.ActiveCfg = Release|Any CPU
		{D66070FD-A4A7-4B7C-93C2-277002AABB11}.Release|Any CPU.Build.0 = Release|Any CPU
		{D66070FD-A4A7-4B7C-93C2-277002AABB11}.Release|x64.ActiveCfg = Release|Any CPU
		{D66070FD-A4A7-4B7C-93C2-277002AABB11}.Release|x64.Build.0 = Release|Any CPU
		{D66070FD-A4A7-4B7C-93C2-277002AABB11}.Release|x86.ActiveCfg = Release|Any CPU
		{D66070FD-A4A7-4B7C-93C2-277002AABB11}.Release|x86.Build.0 = Release|Any CPU
		{03855F50-823D-4F1F-990D-88CDD8A72311}.Debug|Any CPU.ActiveCfg = Debug|Any CPU
		{03855F50-823D-4F1F-990D-88CDD8A72311}.Debug|Any CPU.Build.0 = Debug|Any CPU
		{03855F50-823D-4F1F-990D-88CDD8A72311}.Debug|x64.ActiveCfg = Debug|Any CPU
		{03855F50-823D-4F1F-990D-88CDD8A72311}.Debug|x64.Build.0 = Debug|Any CPU
		{03855F50-823D-4F1F-990D-88CDD8A72311}.Debug|x86.ActiveCfg = Debug|Any CPU
		{03855F50-823D-4F1F-990D-88CDD8A72311}.Debug|x86.Build.0 = Debug|Any CPU
		{03855F50-823D-4F1F-990D-88CDD8A72311}.Release|Any CPU.ActiveCfg = Release|Any CPU
		{03855F50-823D-4F1F-990D-88CDD8A72311}.Release|Any CPU.Build.0 = Release|Any CPU
		{03855F50-823D-4F1F-990D-88CDD8A72311}.Release|x64.ActiveCfg = Release|Any CPU
		{03855F50-823D-4F1F-990D-88CDD8A72311}.Release|x64.Build.0 = Release|Any CPU
		{03855F50-823D-4F1F-990D-88CDD8A72311}.Release|x86.ActiveCfg = Release|Any CPU
		{03855F50-823D-4F1F-990D-88CDD8A72311}.Release|x86.Build.0 = Release|Any CPU
		{F004EDA1-E279-45C9-A3E6-E03F4EEDC13A}.Debug|Any CPU.ActiveCfg = Debug|Any CPU
		{F004EDA1-E279-45C9-A3E6-E03F4EEDC13A}.Debug|Any CPU.Build.0 = Debug|Any CPU
		{F004EDA1-E279-45C9-A3E6-E03F4EEDC13A}.Debug|x64.ActiveCfg = Debug|Any CPU
		{F004EDA1-E279-45C9-A3E6-E03F4EEDC13A}.Debug|x64.Build.0 = Debug|Any CPU
		{F004EDA1-E279-45C9-A3E6-E03F4EEDC13A}.Debug|x86.ActiveCfg = Debug|Any CPU
		{F004EDA1-E279-45C9-A3E6-E03F4EEDC13A}.Debug|x86.Build.0 = Debug|Any CPU
		{F004EDA1-E279-45C9-A3E6-E03F4EEDC13A}.Release|Any CPU.ActiveCfg = Release|Any CPU
		{F004EDA1-E279-45C9-A3E6-E03F4EEDC13A}.Release|Any CPU.Build.0 = Release|Any CPU
		{F004EDA1-E279-45C9-A3E6-E03F4EEDC13A}.Release|x64.ActiveCfg = Release|Any CPU
		{F004EDA1-E279-45C9-A3E6-E03F4EEDC13A}.Release|x64.Build.0 = Release|Any CPU
		{F004EDA1-E279-45C9-A3E6-E03F4EEDC13A}.Release|x86.ActiveCfg = Release|Any CPU
		{F004EDA1-E279-45C9-A3E6-E03F4EEDC13A}.Release|x86.Build.0 = Release|Any CPU
		{ABBD2512-7CA0-46BD-8955-E1026FFA18E9}.Debug|Any CPU.ActiveCfg = Debug|Any CPU
		{ABBD2512-7CA0-46BD-8955-E1026FFA18E9}.Debug|Any CPU.Build.0 = Debug|Any CPU
		{ABBD2512-7CA0-46BD-8955-E1026FFA18E9}.Debug|x64.ActiveCfg = Debug|Any CPU
		{ABBD2512-7CA0-46BD-8955-E1026FFA18E9}.Debug|x64.Build.0 = Debug|Any CPU
		{ABBD2512-7CA0-46BD-8955-E1026FFA18E9}.Debug|x86.ActiveCfg = Debug|Any CPU
		{ABBD2512-7CA0-46BD-8955-E1026FFA18E9}.Debug|x86.Build.0 = Debug|Any CPU
		{ABBD2512-7CA0-46BD-8955-E1026FFA18E9}.Release|Any CPU.ActiveCfg = Release|Any CPU
		{ABBD2512-7CA0-46BD-8955-E1026FFA18E9}.Release|Any CPU.Build.0 = Release|Any CPU
		{ABBD2512-7CA0-46BD-8955-E1026FFA18E9}.Release|x64.ActiveCfg = Release|Any CPU
		{ABBD2512-7CA0-46BD-8955-E1026FFA18E9}.Release|x64.Build.0 = Release|Any CPU
		{ABBD2512-7CA0-46BD-8955-E1026FFA18E9}.Release|x86.ActiveCfg = Release|Any CPU
		{ABBD2512-7CA0-46BD-8955-E1026FFA18E9}.Release|x86.Build.0 = Release|Any CPU
	EndGlobalSection
	GlobalSection(SolutionProperties) = preSolution
		HideSolutionNode = FALSE
	EndGlobalSection
	GlobalSection(NestedProjects) = preSolution
		{716A1E76-643A-4C7D-A356-C0AE25A2451C} = {5EFC1D2B-24F0-4C02-EC13-39374025542A}
		{74E394C4-C8B9-4482-97C5-83A778B26A2C} = {5EFC1D2B-24F0-4C02-EC13-39374025542A}
		{802E5EC6-CF3C-4317-993C-D019F3A9391F} = {5EFC1D2B-24F0-4C02-EC13-39374025542A}
		{CFAE5104-A6B9-451E-A3CB-6097BF6A3B9B} = {5EFC1D2B-24F0-4C02-EC13-39374025542A}
		{83AA9E9D-222B-4820-899F-808BFD54A792} = {71970AD6-B263-BC28-5634-C9F956316F5A}
		{A6B8D065-5A39-4E26-87A0-4AC9423CAA42} = {71970AD6-B263-BC28-5634-C9F956316F5A}
		{209862DE-9033-487D-B8C2-60E5A9E25975} = {C441E6A6-73AF-A330-A3E7-185757A1AA1E}
		{55FBE668-B6FB-4539-AF86-AD738998B322} = {C441E6A6-73AF-A330-A3E7-185757A1AA1E}
		{146145F7-7748-46CB-804A-0DF32D66A218} = {D947E612-853E-4237-8973-789D59ED6A20}
		{F178473F-CAEE-406D-B3E7-7FE7C7B681E6} = {D947E612-853E-4237-8973-789D59ED6A20}
		{F7CCBA8A-C787-4FE9-B69E-ABA78579B504} = {30258541-D0D8-F3FD-D559-E63D6BF074C2}
		{53789401-DC84-666C-F02F-0E6208BCAF26} = {30258541-D0D8-F3FD-D559-E63D6BF074C2}
		{E7F5E233-8731-485A-980D-3D26CF7E7CE4} = {53789401-DC84-666C-F02F-0E6208BCAF26}
		{4309A586-25E5-8F43-7BBA-E9696B0B8BD7} = {ED7DE66D-1FF1-BCCD-393E-2D4AFCA661A0}
		{EE5CC5AD-793B-E547-B78F-6C83AF35D442} = {4309A586-25E5-8F43-7BBA-E9696B0B8BD7}
		{D05C0E49-FDF2-EBE5-4509-CDF94C9AF289} = {4309A586-25E5-8F43-7BBA-E9696B0B8BD7}
		{2953CB9E-4C14-BBBB-94E5-73F81E1509B9} = {ED7DE66D-1FF1-BCCD-393E-2D4AFCA661A0}
		{1C0A95E6-5917-0847-CAF1-378FA52711B7} = {2953CB9E-4C14-BBBB-94E5-73F81E1509B9}
		{D5FC42F4-102B-16ED-5C58-01794AC99385} = {ED7DE66D-1FF1-BCCD-393E-2D4AFCA661A0}
		{466AA203-E7FD-BA09-416D-0B29A32AB9EE} = {D5FC42F4-102B-16ED-5C58-01794AC99385}
		{B58BC101-3A9C-4134-9AE8-A8EC85A2CBA6} = {53789401-DC84-666C-F02F-0E6208BCAF26}
		{D66070FD-A4A7-4B7C-93C2-277002AABB11} = {53789401-DC84-666C-F02F-0E6208BCAF26}
		{03855F50-823D-4F1F-990D-88CDD8A72311} = {5EFC1D2B-24F0-4C02-EC13-39374025542A}
		{F004EDA1-E279-45C9-A3E6-E03F4EEDC13A} = {D947E612-853E-4237-8973-789D59ED6A20}
		{ABBD2512-7CA0-46BD-8955-E1026FFA18E9} = {D947E612-853E-4237-8973-789D59ED6A20}
	EndGlobalSection
	GlobalSection(ExtensibilityGlobals) = postSolution
		SolutionGuid = {7DB09011-C6CA-4F20-92BC-66A8954372A2}
	EndGlobalSection
EndGlobal
