
Microsoft Visual Studio Solution File, Format Version 12.00
# Visual Studio Version 17
VisualStudioVersion = 17.5.2.0
MinimumVisualStudioVersion = 10.0.40219.1
Project("{FAE04EC0-301F-11D3-BF4B-00C04F79EFBC}") = "CakeBuild", "dist\CakeBuild\CakeBuild.csproj", "{0EDF37D4-321E-4C69-BC4C-3CD2E85D92EF}"
EndProject
Project("{FAE04EC0-301F-11D3-BF4B-00C04F79EFBC}") = "SteelmakingExpanded", "src\SteelmakingExpanded\SteelmakingExpanded.csproj", "{37E86957-665A-D94F-EF73-3956E1782B72}"
EndProject
Project("{FAE04EC0-301F-11D3-BF4B-00C04F79EFBC}") = "PipesAndPowerExpanded", "src\PipesAndPowerExpanded\PipesAndPowerExpanded.csproj", "{B7E1B0F2-2C3D-4E5A-9B6C-1D2E3F4A5B6C}"
EndProject
Project("{FAE04EC0-301F-11D3-BF4B-00C04F79EFBC}") = "ExpandedLib", "src\ExpandedLib\ExpandedLib.csproj", "{A1B2C3D4-5E6F-4A7B-8C9D-0E1F2A3B4C5D}"
EndProject
Project("{FAE04EC0-301F-11D3-BF4B-00C04F79EFBC}") = "ExpandedLib.Generators", "src\ExpandedLib.Generators\ExpandedLib.Generators.csproj", "{798DB735-8A58-47A9-B839-CC29C0A9555A}"
EndProject
Project("{FAE04EC0-301F-11D3-BF4B-00C04F79EFBC}") = "ExpandedLib.Testing", "test\ExpandedLib.Testing\ExpandedLib.Testing.csproj", "{1E4FF343-AA2F-49E4-8A1D-DE5E83D7CF52}"
EndProject
Project("{FAE04EC0-301F-11D3-BF4B-00C04F79EFBC}") = "ExpandedLib.Tests", "test\ExpandedLib.Tests\ExpandedLib.Tests.csproj", "{C76CED08-3199-43DC-BF9E-A744EEE4953F}"
EndProject
Project("{FAE04EC0-301F-11D3-BF4B-00C04F79EFBC}") = "PipesAndPowerExpanded.Tests", "test\PipesAndPowerExpanded.Tests\PipesAndPowerExpanded.Tests.csproj", "{C082F959-ABFC-4DF4-A4DB-EF0D1F1BC2C8}"
EndProject
Project("{FAE04EC0-301F-11D3-BF4B-00C04F79EFBC}") = "SteelmakingExpanded.Tests", "test\SteelmakingExpanded.Tests\SteelmakingExpanded.Tests.csproj", "{38E9CAF7-4B5F-4DB5-99DD-B33E762ECD53}"
EndProject
Project("{2150E333-8FDC-42A3-9474-1A3956D46DE8}") = "test", "test", "{0C88DD14-F956-CE84-757C-A364CCF449FC}"
EndProject
Project("{FAE04EC0-301F-11D3-BF4B-00C04F79EFBC}") = "Integration.Tests", "test\Integration.Tests\Integration.Tests.csproj", "{83FE1F7F-E4A1-4DEB-8968-6E473945C230}"
EndProject
Project("{2150E333-8FDC-42A3-9474-1A3956D46DE8}") = "src", "src", "{827E0CD3-B72D-47B6-A68D-7590B98EB39B}"
EndProject
Global
	GlobalSection(SolutionConfigurationPlatforms) = preSolution
		Debug|Any CPU = Debug|Any CPU
		Debug|x64 = Debug|x64
		Debug|x86 = Debug|x86
		Release|Any CPU = Release|Any CPU
		Release|x64 = Release|x64
		Release|x86 = Release|x86
	EndGlobalSection
	GlobalSection(ProjectConfigurationPlatforms) = postSolution
		{0EDF37D4-321E-4C69-BC4C-3CD2E85D92EF}.Debug|Any CPU.ActiveCfg = Debug|Any CPU
		{0EDF37D4-321E-4C69-BC4C-3CD2E85D92EF}.Debug|Any CPU.Build.0 = Debug|Any CPU
		{0EDF37D4-321E-4C69-BC4C-3CD2E85D92EF}.Debug|x64.ActiveCfg = Debug|Any CPU
		{0EDF37D4-321E-4C69-BC4C-3CD2E85D92EF}.Debug|x64.Build.0 = Debug|Any CPU
		{0EDF37D4-321E-4C69-BC4C-3CD2E85D92EF}.Debug|x86.ActiveCfg = Debug|Any CPU
		{0EDF37D4-321E-4C69-BC4C-3CD2E85D92EF}.Debug|x86.Build.0 = Debug|Any CPU
		{0EDF37D4-321E-4C69-BC4C-3CD2E85D92EF}.Release|Any CPU.ActiveCfg = Release|Any CPU
		{0EDF37D4-321E-4C69-BC4C-3CD2E85D92EF}.Release|Any CPU.Build.0 = Release|Any CPU
		{0EDF37D4-321E-4C69-BC4C-3CD2E85D92EF}.Release|x64.ActiveCfg = Release|Any CPU
		{0EDF37D4-321E-4C69-BC4C-3CD2E85D92EF}.Release|x64.Build.0 = Release|Any CPU
		{0EDF37D4-321E-4C69-BC4C-3CD2E85D92EF}.Release|x86.ActiveCfg = Release|Any CPU
		{0EDF37D4-321E-4C69-BC4C-3CD2E85D92EF}.Release|x86.Build.0 = Release|Any CPU
		{37E86957-665A-D94F-EF73-3956E1782B72}.Debug|Any CPU.ActiveCfg = Debug|Any CPU
		{37E86957-665A-D94F-EF73-3956E1782B72}.Debug|Any CPU.Build.0 = Debug|Any CPU
		{37E86957-665A-D94F-EF73-3956E1782B72}.Debug|x64.ActiveCfg = Debug|Any CPU
		{37E86957-665A-D94F-EF73-3956E1782B72}.Debug|x64.Build.0 = Debug|Any CPU
		{37E86957-665A-D94F-EF73-3956E1782B72}.Debug|x86.ActiveCfg = Debug|Any CPU
		{37E86957-665A-D94F-EF73-3956E1782B72}.Debug|x86.Build.0 = Debug|Any CPU
		{37E86957-665A-D94F-EF73-3956E1782B72}.Release|Any CPU.ActiveCfg = Release|Any CPU
		{37E86957-665A-D94F-EF73-3956E1782B72}.Release|Any CPU.Build.0 = Release|Any CPU
		{37E86957-665A-D94F-EF73-3956E1782B72}.Release|x64.ActiveCfg = Release|Any CPU
		{37E86957-665A-D94F-EF73-3956E1782B72}.Release|x64.Build.0 = Release|Any CPU
		{37E86957-665A-D94F-EF73-3956E1782B72}.Release|x86.ActiveCfg = Release|Any CPU
		{37E86957-665A-D94F-EF73-3956E1782B72}.Release|x86.Build.0 = Release|Any CPU
		{B7E1B0F2-2C3D-4E5A-9B6C-1D2E3F4A5B6C}.Debug|Any CPU.ActiveCfg = Debug|Any CPU
		{B7E1B0F2-2C3D-4E5A-9B6C-1D2E3F4A5B6C}.Debug|Any CPU.Build.0 = Debug|Any CPU
		{B7E1B0F2-2C3D-4E5A-9B6C-1D2E3F4A5B6C}.Debug|x64.ActiveCfg = Debug|Any CPU
		{B7E1B0F2-2C3D-4E5A-9B6C-1D2E3F4A5B6C}.Debug|x64.Build.0 = Debug|Any CPU
		{B7E1B0F2-2C3D-4E5A-9B6C-1D2E3F4A5B6C}.Debug|x86.ActiveCfg = Debug|Any CPU
		{B7E1B0F2-2C3D-4E5A-9B6C-1D2E3F4A5B6C}.Debug|x86.Build.0 = Debug|Any CPU
		{B7E1B0F2-2C3D-4E5A-9B6C-1D2E3F4A5B6C}.Release|Any CPU.ActiveCfg = Release|Any CPU
		{B7E1B0F2-2C3D-4E5A-9B6C-1D2E3F4A5B6C}.Release|Any CPU.Build.0 = Release|Any CPU
		{B7E1B0F2-2C3D-4E5A-9B6C-1D2E3F4A5B6C}.Release|x64.ActiveCfg = Release|Any CPU
		{B7E1B0F2-2C3D-4E5A-9B6C-1D2E3F4A5B6C}.Release|x64.Build.0 = Release|Any CPU
		{B7E1B0F2-2C3D-4E5A-9B6C-1D2E3F4A5B6C}.Release|x86.ActiveCfg = Release|Any CPU
		{B7E1B0F2-2C3D-4E5A-9B6C-1D2E3F4A5B6C}.Release|x86.Build.0 = Release|Any CPU
		{A1B2C3D4-5E6F-4A7B-8C9D-0E1F2A3B4C5D}.Debug|Any CPU.ActiveCfg = Debug|Any CPU
		{A1B2C3D4-5E6F-4A7B-8C9D-0E1F2A3B4C5D}.Debug|Any CPU.Build.0 = Debug|Any CPU
		{A1B2C3D4-5E6F-4A7B-8C9D-0E1F2A3B4C5D}.Debug|x64.ActiveCfg = Debug|Any CPU
		{A1B2C3D4-5E6F-4A7B-8C9D-0E1F2A3B4C5D}.Debug|x64.Build.0 = Debug|Any CPU
		{A1B2C3D4-5E6F-4A7B-8C9D-0E1F2A3B4C5D}.Debug|x86.ActiveCfg = Debug|Any CPU
		{A1B2C3D4-5E6F-4A7B-8C9D-0E1F2A3B4C5D}.Debug|x86.Build.0 = Debug|Any CPU
		{A1B2C3D4-5E6F-4A7B-8C9D-0E1F2A3B4C5D}.Release|Any CPU.ActiveCfg = Release|Any CPU
		{A1B2C3D4-5E6F-4A7B-8C9D-0E1F2A3B4C5D}.Release|Any CPU.Build.0 = Release|Any CPU
		{A1B2C3D4-5E6F-4A7B-8C9D-0E1F2A3B4C5D}.Release|x64.ActiveCfg = Release|Any CPU
		{A1B2C3D4-5E6F-4A7B-8C9D-0E1F2A3B4C5D}.Release|x64.Build.0 = Release|Any CPU
		{A1B2C3D4-5E6F-4A7B-8C9D-0E1F2A3B4C5D}.Release|x86.ActiveCfg = Release|Any CPU
		{A1B2C3D4-5E6F-4A7B-8C9D-0E1F2A3B4C5D}.Release|x86.Build.0 = Release|Any CPU
		{798DB735-8A58-47A9-B839-CC29C0A9555A}.Debug|Any CPU.ActiveCfg = Debug|Any CPU
		{798DB735-8A58-47A9-B839-CC29C0A9555A}.Debug|Any CPU.Build.0 = Debug|Any CPU
		{798DB735-8A58-47A9-B839-CC29C0A9555A}.Debug|x64.ActiveCfg = Debug|Any CPU
		{798DB735-8A58-47A9-B839-CC29C0A9555A}.Debug|x64.Build.0 = Debug|Any CPU
		{798DB735-8A58-47A9-B839-CC29C0A9555A}.Debug|x86.ActiveCfg = Debug|Any CPU
		{798DB735-8A58-47A9-B839-CC29C0A9555A}.Debug|x86.Build.0 = Debug|Any CPU
		{798DB735-8A58-47A9-B839-CC29C0A9555A}.Release|Any CPU.ActiveCfg = Release|Any CPU
		{798DB735-8A58-47A9-B839-CC29C0A9555A}.Release|Any CPU.Build.0 = Release|Any CPU
		{798DB735-8A58-47A9-B839-CC29C0A9555A}.Release|x64.ActiveCfg = Release|Any CPU
		{798DB735-8A58-47A9-B839-CC29C0A9555A}.Release|x64.Build.0 = Release|Any CPU
		{798DB735-8A58-47A9-B839-CC29C0A9555A}.Release|x86.ActiveCfg = Release|Any CPU
		{798DB735-8A58-47A9-B839-CC29C0A9555A}.Release|x86.Build.0 = Release|Any CPU
		{1E4FF343-AA2F-49E4-8A1D-DE5E83D7CF52}.Debug|Any CPU.ActiveCfg = Debug|Any CPU
		{1E4FF343-AA2F-49E4-8A1D-DE5E83D7CF52}.Debug|Any CPU.Build.0 = Debug|Any CPU
		{1E4FF343-AA2F-49E4-8A1D-DE5E83D7CF52}.Debug|x64.ActiveCfg = Debug|Any CPU
		{1E4FF343-AA2F-49E4-8A1D-DE5E83D7CF52}.Debug|x64.Build.0 = Debug|Any CPU
		{1E4FF343-AA2F-49E4-8A1D-DE5E83D7CF52}.Debug|x86.ActiveCfg = Debug|Any CPU
		{1E4FF343-AA2F-49E4-8A1D-DE5E83D7CF52}.Debug|x86.Build.0 = Debug|Any CPU
		{1E4FF343-AA2F-49E4-8A1D-DE5E83D7CF52}.Release|Any CPU.ActiveCfg = Release|Any CPU
		{1E4FF343-AA2F-49E4-8A1D-DE5E83D7CF52}.Release|Any CPU.Build.0 = Release|Any CPU
		{1E4FF343-AA2F-49E4-8A1D-DE5E83D7CF52}.Release|x64.ActiveCfg = Release|Any CPU
		{1E4FF343-AA2F-49E4-8A1D-DE5E83D7CF52}.Release|x64.Build.0 = Release|Any CPU
		{1E4FF343-AA2F-49E4-8A1D-DE5E83D7CF52}.Release|x86.ActiveCfg = Release|Any CPU
		{1E4FF343-AA2F-49E4-8A1D-DE5E83D7CF52}.Release|x86.Build.0 = Release|Any CPU
		{C76CED08-3199-43DC-BF9E-A744EEE4953F}.Debug|Any CPU.ActiveCfg = Debug|Any CPU
		{C76CED08-3199-43DC-BF9E-A744EEE4953F}.Debug|Any CPU.Build.0 = Debug|Any CPU
		{C76CED08-3199-43DC-BF9E-A744EEE4953F}.Debug|x64.ActiveCfg = Debug|Any CPU
		{C76CED08-3199-43DC-BF9E-A744EEE4953F}.Debug|x64.Build.0 = Debug|Any CPU
		{C76CED08-3199-43DC-BF9E-A744EEE4953F}.Debug|x86.ActiveCfg = Debug|Any CPU
		{C76CED08-3199-43DC-BF9E-A744EEE4953F}.Debug|x86.Build.0 = Debug|Any CPU
		{C76CED08-3199-43DC-BF9E-A744EEE4953F}.Release|Any CPU.ActiveCfg = Release|Any CPU
		{C76CED08-3199-43DC-BF9E-A744EEE4953F}.Release|Any CPU.Build.0 = Release|Any CPU
		{C76CED08-3199-43DC-BF9E-A744EEE4953F}.Release|x64.ActiveCfg = Release|Any CPU
		{C76CED08-3199-43DC-BF9E-A744EEE4953F}.Release|x64.Build.0 = Release|Any CPU
		{C76CED08-3199-43DC-BF9E-A744EEE4953F}.Release|x86.ActiveCfg = Release|Any CPU
		{C76CED08-3199-43DC-BF9E-A744EEE4953F}.Release|x86.Build.0 = Release|Any CPU
		{C082F959-ABFC-4DF4-A4DB-EF0D1F1BC2C8}.Debug|Any CPU.ActiveCfg = Debug|Any CPU
		{C082F959-ABFC-4DF4-A4DB-EF0D1F1BC2C8}.Debug|Any CPU.Build.0 = Debug|Any CPU
		{C082F959-ABFC-4DF4-A4DB-EF0D1F1BC2C8}.Debug|x64.ActiveCfg = Debug|Any CPU
		{C082F959-ABFC-4DF4-A4DB-EF0D1F1BC2C8}.Debug|x64.Build.0 = Debug|Any CPU
		{C082F959-ABFC-4DF4-A4DB-EF0D1F1BC2C8}.Debug|x86.ActiveCfg = Debug|Any CPU
		{C082F959-ABFC-4DF4-A4DB-EF0D1F1BC2C8}.Debug|x86.Build.0 = Debug|Any CPU
		{C082F959-ABFC-4DF4-A4DB-EF0D1F1BC2C8}.Release|Any CPU.ActiveCfg = Release|Any CPU
		{C082F959-ABFC-4DF4-A4DB-EF0D1F1BC2C8}.Release|Any CPU.Build.0 = Release|Any CPU
		{C082F959-ABFC-4DF4-A4DB-EF0D1F1BC2C8}.Release|x64.ActiveCfg = Release|Any CPU
		{C082F959-ABFC-4DF4-A4DB-EF0D1F1BC2C8}.Release|x64.Build.0 = Release|Any CPU
		{C082F959-ABFC-4DF4-A4DB-EF0D1F1BC2C8}.Release|x86.ActiveCfg = Release|Any CPU
		{C082F959-ABFC-4DF4-A4DB-EF0D1F1BC2C8}.Release|x86.Build.0 = Release|Any CPU
		{38E9CAF7-4B5F-4DB5-99DD-B33E762ECD53}.Debug|Any CPU.ActiveCfg = Debug|Any CPU
		{38E9CAF7-4B5F-4DB5-99DD-B33E762ECD53}.Debug|Any CPU.Build.0 = Debug|Any CPU
		{38E9CAF7-4B5F-4DB5-99DD-B33E762ECD53}.Debug|x64.ActiveCfg = Debug|Any CPU
		{38E9CAF7-4B5F-4DB5-99DD-B33E762ECD53}.Debug|x64.Build.0 = Debug|Any CPU
		{38E9CAF7-4B5F-4DB5-99DD-B33E762ECD53}.Debug|x86.ActiveCfg = Debug|Any CPU
		{38E9CAF7-4B5F-4DB5-99DD-B33E762ECD53}.Debug|x86.Build.0 = Debug|Any CPU
		{38E9CAF7-4B5F-4DB5-99DD-B33E762ECD53}.Release|Any CPU.ActiveCfg = Release|Any CPU
		{38E9CAF7-4B5F-4DB5-99DD-B33E762ECD53}.Release|Any CPU.Build.0 = Release|Any CPU
		{38E9CAF7-4B5F-4DB5-99DD-B33E762ECD53}.Release|x64.ActiveCfg = Release|Any CPU
		{38E9CAF7-4B5F-4DB5-99DD-B33E762ECD53}.Release|x64.Build.0 = Release|Any CPU
		{38E9CAF7-4B5F-4DB5-99DD-B33E762ECD53}.Release|x86.ActiveCfg = Release|Any CPU
		{38E9CAF7-4B5F-4DB5-99DD-B33E762ECD53}.Release|x86.Build.0 = Release|Any CPU
		{83FE1F7F-E4A1-4DEB-8968-6E473945C230}.Debug|Any CPU.ActiveCfg = Debug|Any CPU
		{83FE1F7F-E4A1-4DEB-8968-6E473945C230}.Debug|Any CPU.Build.0 = Debug|Any CPU
		{83FE1F7F-E4A1-4DEB-8968-6E473945C230}.Debug|x64.ActiveCfg = Debug|Any CPU
		{83FE1F7F-E4A1-4DEB-8968-6E473945C230}.Debug|x64.Build.0 = Debug|Any CPU
		{83FE1F7F-E4A1-4DEB-8968-6E473945C230}.Debug|x86.ActiveCfg = Debug|Any CPU
		{83FE1F7F-E4A1-4DEB-8968-6E473945C230}.Debug|x86.Build.0 = Debug|Any CPU
		{83FE1F7F-E4A1-4DEB-8968-6E473945C230}.Release|Any CPU.ActiveCfg = Release|Any CPU
		{83FE1F7F-E4A1-4DEB-8968-6E473945C230}.Release|Any CPU.Build.0 = Release|Any CPU
		{83FE1F7F-E4A1-4DEB-8968-6E473945C230}.Release|x64.ActiveCfg = Release|Any CPU
		{83FE1F7F-E4A1-4DEB-8968-6E473945C230}.Release|x64.Build.0 = Release|Any CPU
		{83FE1F7F-E4A1-4DEB-8968-6E473945C230}.Release|x86.ActiveCfg = Release|Any CPU
		{83FE1F7F-E4A1-4DEB-8968-6E473945C230}.Release|x86.Build.0 = Release|Any CPU
	EndGlobalSection
	GlobalSection(SolutionProperties) = preSolution
		HideSolutionNode = FALSE
	EndGlobalSection
	GlobalSection(NestedProjects) = preSolution
		{83FE1F7F-E4A1-4DEB-8968-6E473945C230} = {0C88DD14-F956-CE84-757C-A364CCF449FC}
	EndGlobalSection
	GlobalSection(ExtensibilityGlobals) = postSolution
		SolutionGuid = {7DB09011-C6CA-4F20-92BC-66A8954372A2}
	EndGlobalSection
EndGlobal
